# This file is autogenerated, do not edit; changes may be undone by the next 'dep ensure'.


[[projects]]
  branch = "master"
  digest = "1:315c5f2f60c76d89b871c73f9bd5fe689cad96597afd50fb9992228ef80bdd34"
  name = "github.com/alecthomas/template"
  packages = [
    ".",
    "parse",
  ]
  pruneopts = "UT"
  revision = "a0175ee3bccc567396460bf5acd36800cb10c49c"

[[projects]]
  branch = "master"
  digest = "1:c198fdc381e898e8fb62b8eb62758195091c313ad18e52a3067366e1dda2fb3c"
  name = "github.com/alecthomas/units"
  packages = ["."]
  pruneopts = "UT"
  revision = "2efee857e7cfd4f3d0138cc3cbb1b4966962b93a"

[[projects]]
  digest = "1:a8d622a8049a4aa420e1c509873bb85d4c45c5107f420d922f919bfcb8d08694"
  name = "github.com/beevik/ntp"
  packages = ["."]
  pruneopts = "UT"
  revision = "62c80a04de2086884d8296004b6d74ee1846c582"
  version = "v0.2.0"

[[projects]]
  branch = "master"
  digest = "1:d6afaeed1502aa28e80a4ed0981d570ad91b2579193404256ce672ed0a609e0d"
  name = "github.com/beorn7/perks"
  packages = ["quantile"]
  pruneopts = "UT"
  revision = "3a771d992973f24aa725d07868b467d1ddfceafb"

[[projects]]
  digest = "1:6f614c5193761d29b3184a170380672cafd025306261ce7810e2dd99907184c4"
  name = "github.com/coreos/go-systemd"
  packages = ["dbus"]
  pruneopts = "UT"
  revision = "9002847aa1425fb6ac49077c0a630b3b67e0fbfd"
  version = "v18"

[[projects]]
  branch = "master"
  digest = "1:986d4634d695548183c069aa43d520b50b228ec1e9af8ec5b7e9d3598635e95c"
  name = "github.com/ema/qdisc"
  packages = ["."]
  pruneopts = "UT"
  revision = "b307c22d3ce761d351b6e6270b50195b44ee9248"

[[projects]]
  digest = "1:dae52e85e2f3d0a734799e74ec0711d3ddd673b21a9e83be6c899af64c3a98f6"
  name = "github.com/godbus/dbus"
  packages = ["."]
  pruneopts = "UT"
  revision = "66d97aec3384421e393c2a76b770a1b5c31d07a8"
  version = "v5.0"

[[projects]]
  digest = "1:97df918963298c287643883209a2c3f642e6593379f97ab400c2a2e219ab647d"
  name = "github.com/golang/protobuf"
  packages = ["proto"]
  pruneopts = "UT"
  revision = "aa810b61a9c79d51363740d207bb46cf8e620ed5"
  version = "v1.2.0"

[[projects]]
  branch = "master"
  digest = "1:5870e81e8951f1b080d69341300d3c145916b494dbc693c9d12b5d745b3d27ec"
  name = "github.com/kolo/xmlrpc"
  packages = ["."]
  pruneopts = "UT"
  revision = "16bdd962781df9696f40cc2bab924f1a855a7f89"

[[projects]]
  digest = "1:0a69a1c0db3591fcefb47f115b224592c8dfa4368b7ba9fae509d5e16cdc95c8"
  name = "github.com/konsorten/go-windows-terminal-sequences"
  packages = ["."]
  pruneopts = "UT"
  revision = "5c8c8bd35d3832f5d134ae1e1e375b69a4d25242"
  version = "v1.0.1"

[[projects]]
  branch = "master"
  digest = "1:9e23318fb92c60935e4de2ce13710979f1dffd5c7a4ec4b29a740c27da9b735c"
  name = "github.com/lufia/iostat"
  packages = ["."]
  pruneopts = "UT"
  revision = "9f7362b77ad333b26c01c99de52a11bdb650ded2"

[[projects]]
  digest = "1:ff5ebae34cfbf047d505ee150de27e60570e8c394b3b8fdbb720ff6ac71985fc"
  name = "github.com/matttproud/golang_protobuf_extensions"
  packages = ["pbutil"]
  pruneopts = "UT"
  revision = "c12348ce28de40eed0136aa2b644d0ee0650e56c"
  version = "v1.0.1"

[[projects]]
  branch = "master"
  digest = "1:d6664486d8cf8f3053e34f388a5a17b5ca210ed2e25eb3a0d59cc3a95c31abb8"
  name = "github.com/mdlayher/genetlink"
  packages = ["."]
  pruneopts = "UT"
  revision = "e97704c1b7955246e3c4f6d9746a7b45ff3c5a26"

[[projects]]
  branch = "master"
  digest = "1:5752b16f826da12e814b5af1012ad8802731f85b2e397d3d3f36b02e5aabdb81"
  name = "github.com/mdlayher/netlink"
  packages = [
    ".",
    "nlenc",
  ]
  pruneopts = "UT"
  revision = "2e37830c371e54b400461538ef95dae4d2d3279b"

[[projects]]
  branch = "master"
  digest = "1:56c3ffebb3cca0e9f558afce406e95a85e6096ecb19983b2e706853f19ca75f4"
  name = "github.com/mdlayher/wifi"
  packages = [
    ".",
    "internal/nl80211",
  ]
  pruneopts = "UT"
  revision = "efdf3f4195d9fc8b73013b3706fe626b7fb807d8"

[[projects]]
  digest = "1:26663fafdea73a38075b07e8e9d82fc0056379d2be8bb4e13899e8fda7c7dd23"
  name = "github.com/prometheus/client_golang"
  packages = [
    "prometheus",
    "prometheus/internal",
    "prometheus/promhttp",
  ]
  pruneopts = "UT"
  revision = "abad2d1bd44235a26707c172eab6bca5bf2dbad3"
  version = "v0.9.1"

[[projects]]
  branch = "master"
  digest = "1:2d5cd61daa5565187e1d96bae64dbbc6080dacf741448e9629c64fd93203b0d4"
  name = "github.com/prometheus/client_model"
  packages = ["go"]
  pruneopts = "UT"
  revision = "5c3871d89910bfb32f5fcab2aa4b9ec68e65a99f"

[[projects]]
  branch = "master"
  digest = "1:bd30d313365df74e31141209ee710ab25e811173df33b38c05e6480be7589b98"
  name = "github.com/prometheus/common"
  packages = [
    "expfmt",
    "internal/bitbucket.org/ww/goautoneg",
    "log",
    "model",
    "version",
  ]
  pruneopts = "UT"
  revision = "7e9e6cabbd393fc208072eedef99188d0ce788b6"

[[projects]]
  digest = "1:79248486f72e39547c368c8c1b9e752a2e379ee24d0cba1b40bfc22df0b5c977"
  name = "github.com/prometheus/node_exporter"
  packages = ["collector"]
  pruneopts = "UT"
  revision = "d42bd70f4363dced6b77d8fc311ea57b63387e4f"
  version = "v0.16.0"

[[projects]]
  branch = "master"
  digest = "1:76bd9523eef1ee37e35db596bf8fd5ad70fab6818e4d60b7712610028c3d0102"
  name = "github.com/prometheus/procfs"
  packages = [
    ".",
    "bcache",
    "internal/util",
    "nfs",
    "sysfs",
    "xfs",
  ]
  pruneopts = "UT"
  revision = "185b4288413d2a0dd0806f78c90dde719829e5ae"

[[projects]]
  digest = "1:69b1cc331fca23d702bd72f860c6a647afd0aa9fcbc1d0659b1365e26546dd70"
  name = "github.com/sirupsen/logrus"
  packages = ["."]
  pruneopts = "UT"
  revision = "bcd833dfe83d3cebad139e4a29ed79cb2318bf95"
  version = "v1.2.0"

[[projects]]
  branch = "master"
  digest = "1:6e49d7f9bb08a0f0ab7f5e8eb64e9393b970e4e8fb8eebc18faf4d019bc6162c"
  name = "github.com/soundcloud/go-runit"
  packages = ["runit"]
  pruneopts = "UT"
  revision = "06ad41a06c4a586951fb8040a697ecd39729640b"

[[projects]]
  branch = "master"
  digest = "1:3f3a05ae0b95893d90b9b3b5afdb79a9b3d96e4e36e099d841ae602e4aca0da8"
  name = "golang.org/x/crypto"
  packages = ["ssh/terminal"]
  pruneopts = "UT"
  revision = "e4dc69e5b2fd71dcaf8bd5d054eb936deb78d1fa"

[[projects]]
  branch = "master"
  digest = "1:8fef19fd5885896f814eaca2f734e3a987c383f26266b145222e315c8ba21ebd"
  name = "golang.org/x/net"
  packages = [
    "bpf",
    "internal/iana",
    "internal/socket",
    "ipv4",
  ]
  pruneopts = "UT"
  revision = "03003ca0c849e57b6ea29a4bab8d3cb6e4d568fe"

[[projects]]
  branch = "master"
  digest = "1:469c17f357b39eddb38c6a12f4a80bc119beffe87184028432bf9ce18f30412e"
  name = "golang.org/x/sys"
  packages = [
    "unix",
    "windows",
    "windows/registry",
    "windows/svc/eventlog",
  ]
  pruneopts = "UT"
  revision = "66b7b1311ac80bbafcd2daeef9a5e6e2cd1e2399"

[[projects]]
  digest = "1:c06d9e11d955af78ac3bbb26bd02e01d2f61f689e1a3bce2ef6fb683ef8a7f2d"
  name = "gopkg.in/alecthomas/kingpin.v2"
  packages = ["."]
  pruneopts = "UT"
  revision = "947dcec5ba9c011838740e680966fd7087a71d0d"
  version = "v2.2.6"

[solve-meta]
  analyzer-name = "dep"
  analyzer-version = 1
  input-imports = [
    "github.com/prometheus/client_golang/prometheus",
    "github.com/prometheus/client_golang/prometheus/promhttp",
    "github.com/prometheus/common/log",
    "github.com/prometheus/common/version",
    "github.com/prometheus/node_exporter/collector",
    "gopkg.in/alecthomas/kingpin.v2",
  ]
  solver-name = "gps-cdcl"
  solver-version = 1
